{
  "object": {
    "pins": [
      {
        "package": "Socket",
        "repositoryURL": "https://github.com/OperatorFoundation/BlueSocket",
        "state": {
          "branch": null,
          "revision": "90212ea8b66787c2d51d03527a04748ba6ee7679",
          "version": "1.1.0"
        }
      },
      {
        "package": "Chord",
        "repositoryURL": "https://github.com/OperatorFoundation/Chord",
        "state": {
          "branch": null,
          "revision": "756eeb26b10016784e6dc7cfce33068b36e49f39",
          "version": "0.0.15"
        }
      },
      {
        "package": "Datable",
        "repositoryURL": "https://github.com/OperatorFoundation/Datable",
        "state": {
          "branch": null,
          "revision": "b106352f6ccc0615b898a4855a7812bd33fd8772",
          "version": "3.1.4"
        }
      },
      {
        "package": "Net",
        "repositoryURL": "https://github.com/OperatorFoundation/Net",
        "state": {
          "branch": null,
          "revision": "57de753edfa076c8b6c2ce5d08bbd48e3cdc1d52",
          "version": "0.0.1"
        }
      },
      {
        "package": "swift-log",
        "repositoryURL": "https://github.com/apple/swift-log.git",
        "state": {
          "branch": null,
          "revision": "5d66f7ba25daf4f94100e7022febf3c75e37a6c7",
          "version": "1.4.2"
        }
      },
      {
        "package": "SwiftQueue",
        "repositoryURL": "https://github.com/OperatorFoundation/SwiftQueue",
        "state": {
          "branch": null,
          "revision": "5e6cd8b325493f520a45d20d788efca707b53e6c",
          "version": "0.1.2"
        }
      },
      {
        "package": "Transport",
        "repositoryURL": "https://github.com/OperatorFoundation/Transport",
        "state": {
          "branch": null,
          "revision": "71eaf60eb34e15bcce950d629da1b7e5ee720f71",
          "version": "2.3.11"
        }
      }
    ]
  },
  "version": 1
}
